Microsoft Visual Studio Solution File, Format Version 12.00
# Visual Studio Version 17
VisualStudioVersion = 17.5.2.0
MinimumVisualStudioVersion = 10.0.40219.1
Project("{2150E333-8FDC-42A3-9474-1A3956D46DE8}") = "csharp-command-line", "csharp-command-line", "{B9156A2C-C6DF-B8F4-B1FB-E8D0B161FA2B}"
EndProject
Project("{FAE04EC0-301F-11D3-BF4B-00C04F79EFBC}") = "prueba", "csharp-command-line\prueba\prueba.csproj", "{9948B9C8-601B-4441-4B60-64E7F9E90ED0}"
EndProject
Global
	GlobalSection(SolutionConfigurationPlatforms) = preSolution
		Debug|Any CPU = Debug|Any CPU
		Release|Any CPU = Release|Any CPU
	EndGlobalSection
	GlobalSection(ProjectConfigurationPlatforms) = postSolution
		{9948B9C8-601B-4441-4B60-64E7F9E90ED0}.Debug|Any CPU.ActiveCfg = Debug|Any CPU
		{9948B9C8-601B-4441-4B60-64E7F9E90ED0}.Debug|Any CPU.Build.0 = Debug|Any CPU
		{9948B9C8-601B-4441-4B60-64E7F9E90ED0}.Release|Any CPU.ActiveCfg = Release|Any CPU
		{9948B9C8-601B-4441-4B60-64E7F9E90ED0}.Release|Any CPU.Build.0 = Release|Any CPU
	EndGlobalSection
	GlobalSection(SolutionProperties) = preSolution
		HideSolutionNode = FALSE
	EndGlobalSection
	GlobalSection(NestedProjects) = preSolution
		{9948B9C8-601B-4441-4B60-64E7F9E90ED0} = {B9156A2C-C6DF-B8F4-B1FB-E8D0B161FA2B}
	EndGlobalSection
	GlobalSection(ExtensibilityGlobals) = postSolution
		SolutionGuid = {3E9AB62F-8DA9-45DA-BA9C-992E04187A6E}
	EndGlobalSection
EndGlobal
